
Microsoft Visual Studio Solution File, Format Version 12.00
# Visual Studio Version 17
VisualStudioVersion = 17.6.33815.320
MinimumVisualStudioVersion = 10.0.40219.1
Project("{9A19103F-16F7-4668-BE54-9A1E7A4F7556}") = "SimpleDraw", "SimpleDraw\SimpleDraw.csproj", "{8C49A39D-10E4-4A04-8121-A0160499965C}"
EndProject
Project("{FAE04EC0-301F-11D3-BF4B-00C04F79EFBC}") = "DrawingLibrary", "DrawLibrary\DrawingLibrary.csproj", "{40986CE9-CC38-428F-B8F9-B7930764051F}"
EndProject
Project("{FAE04EC0-301F-11D3-BF4B-00C04F79EFBC}") = "DrawServer", "DrawServer\DrawServer.csproj", "{22167827-920B-487F-97E6-5D90E0AC127C}"
EndProject
Global
	GlobalSection(SolutionConfigurationPlatforms) = preSolution
		Debug|Any CPU = Debug|Any CPU
		Release|Any CPU = Release|Any CPU
	EndGlobalSection
	GlobalSection(ProjectConfigurationPlatforms) = postSolution
		{8C49A39D-10E4-4A04-8121-A0160499965C}.Debug|Any CPU.ActiveCfg = Debug|Any CPU
		{8C49A39D-10E4-4A04-8121-A0160499965C}.Debug|Any CPU.Build.0 = Debug|Any CPU
		{8C49A39D-10E4-4A04-8121-A0160499965C}.Release|Any CPU.ActiveCfg = Release|Any CPU
		{8C49A39D-10E4-4A04-8121-A0160499965C}.Release|Any CPU.Build.0 = Release|Any CPU
		{40986CE9-CC38-428F-B8F9-B7930764051F}.Debug|Any CPU.ActiveCfg = Debug|Any CPU
		{40986CE9-CC38-428F-B8F9-B7930764051F}.Debug|Any CPU.Build.0 = Debug|Any CPU
		{40986CE9-CC38-428F-B8F9-B7930764051F}.Release|Any CPU.ActiveCfg = Release|Any CPU
		{40986CE9-CC38-428F-B8F9-B7930764051F}.Release|Any CPU.Build.0 = Release|Any CPU
		{22167827-920B-487F-97E6-5D90E0AC127C}.Debug|Any CPU.ActiveCfg = Debug|Any CPU
		{22167827-920B-487F-97E6-5D90E0AC127C}.Debug|Any CPU.Build.0 = Debug|Any CPU
		{22167827-920B-487F-97E6-5D90E0AC127C}.Release|Any CPU.ActiveCfg = Release|Any CPU
		{22167827-920B-487F-97E6-5D90E0AC127C}.Release|Any CPU.Build.0 = Release|Any CPU
	EndGlobalSection
	GlobalSection(SolutionProperties) = preSolution
		HideSolutionNode = FALSE
	EndGlobalSection
	GlobalSection(ExtensibilityGlobals) = postSolution
		SolutionGuid = {1E55A238-935B-44EB-BB0B-2BD64DFEE548}
	EndGlobalSection
EndGlobal
